// !$*UTF8*$!
{
	archiveVersion = 1;
	classes = {
	};
	objectVersion = 46;
	objects = {

/* Begin PBXBuildFile section */
		70BF30DD1F49CE4E008DCC00 /* AppDelegate.swift in Sources */ = {isa = PBXBuildFile; fileRef = 70BF30DC1F49CE4E008DCC00 /* AppDelegate.swift */; };
		70BF30DF1F49CE4E008DCC00 /* ViewController.swift in Sources */ = {isa = PBXBuildFile; fileRef = 70BF30DE1F49CE4E008DCC00 /* ViewController.swift */; };
		70BF30E21F49CE4E008DCC00 /* Main.storyboard in Resources */ = {isa = PBXBuildFile; fileRef = 70BF30E01F49CE4E008DCC00 /* Main.storyboard */; };
		70BF30E41F49CE4E008DCC00 /* Assets.xcassets in Resources */ = {isa = PBXBuildFile; fileRef = 70BF30E31F49CE4E008DCC00 /* Assets.xcassets */; };
/* End PBXBuildFile section */

/* Begin PBXFileReference section */
		70BF30D91F49CE4E008DCC00 /* tvQA.app */ = {isa = PBXFileReference; explicitFileType = wrapper.application; includeInIndex = 0; path = tvQA.app; sourceTree = BUILT_PRODUCTS_DIR; };
		70BF30DC1F49CE4E008DCC00 /* AppDelegate.swift */ = {isa = PBXFileReference; lastKnownFileType = sourcecode.swift; path = AppDelegate.swift; sourceTree = "<group>"; };
		70BF30DE1F49CE4E008DCC00 /* ViewController.swift */ = {isa = PBXFileReference; lastKnownFileType = sourcecode.swift; path = ViewController.swift; sourceTree = "<group>"; };
		70BF30E11F49CE4E008DCC00 /* Base */ = {isa = PBXFileReference; lastKnownFileType = file.storyboard; name = Base; path = Base.lproj/Main.storyboard; sourceTree = "<group>"; };
		70BF30E31F49CE4E008DCC00 /* Assets.xcassets */ = {isa = PBXFileReference; lastKnownFileType = folder.assetcatalog; path = Assets.xcassets; sourceTree = "<group>"; };
		70BF30E51F49CE4E008DCC00 /* Info.plist */ = {isa = PBXFileReference; lastKnownFileType = text.plist.xml; path = Info.plist; sourceTree = "<group>"; };
/* End PBXFileReference section */

/* Begin PBXFrameworksBuildPhase section */
		70BF30D61F49CE4E008DCC00 /* Frameworks */ = {
			isa = PBXFrameworksBuildPhase;
			buildActionMask = 2147483647;
			files = (
			);
			runOnlyForDeploymentPostprocessing = 0;
		};
/* End PBXFrameworksBuildPhase section */

/* Begin PBXGroup section */
		70BF30D01F49CE4E008DCC00 = {
			isa = PBXGroup;
			children = (
				70BF30DB1F49CE4E008DCC00 /* tvQA */,
				70BF30DA1F49CE4E008DCC00 /* Products */,
			);
			sourceTree = "<group>";
		};
		70BF30DA1F49CE4E008DCC00 /* Products */ = {
			isa = PBXGroup;
			children = (
				70BF30D91F49CE4E008DCC00 /* tvQA.app */,
			);
			name = Products;
			sourceTree = "<group>";
		};
		70BF30DB1F49CE4E008DCC00 /* tvQA */ = {
			isa = PBXGroup;
			children = (
				70BF30DC1F49CE4E008DCC00 /* AppDelegate.swift */,
				70BF30DE1F49CE4E008DCC00 /* ViewController.swift */,
				70BF30E01F49CE4E008DCC00 /* Main.storyboard */,
				70BF30E31F49CE4E008DCC00 /* Assets.xcassets */,
				70BF30E51F49CE4E008DCC00 /* Info.plist */,
			);
			path = tvQA;
			sourceTree = "<group>";
		};
/* End PBXGroup section */

/* Begin PBXNativeTarget section */
		70BF30D81F49CE4E008DCC00 /* tvQA */ = {
			isa = PBXNativeTarget;
			buildConfigurationList = 70BF30E81F49CE4E008DCC00 /* Build configuration list for PBXNativeTarget "tvQA" */;
			buildPhases = (
				70BF30D51F49CE4E008DCC00 /* Sources */,
				70BF30D61F49CE4E008DCC00 /* Frameworks */,
				70BF30D71F49CE4E008DCC00 /* Resources */,
			);
			buildRules = (
			);
			dependencies = (
			);
			name = tvQA;
			productName = tvQA;
			productReference = 70BF30D91F49CE4E008DCC00 /* tvQA.app */;
			productType = "com.apple.product-type.application";
		};
/* End PBXNativeTarget section */

/* Begin PBXProject section */
		70BF30D11F49CE4E008DCC00 /* Project object */ = {
			isa = PBXProject;
			attributes = {
				LastSwiftUpdateCheck = 0830;
				LastUpgradeCheck = 0830;
				ORGANIZATIONNAME = egoDev;
				TargetAttributes = {
					70BF30D81F49CE4E008DCC00 = {
						CreatedOnToolsVersion = 8.3.3;
						DevelopmentTeam = 895Q7MTPTC;
						ProvisioningStyle = Automatic;
					};
				};
			};
			buildConfigurationList = 70BF30D41F49CE4E008DCC00 /* Build configuration list for PBXProject "tvQA" */;
			compatibilityVersion = "Xcode 3.2";
			developmentRegion = English;
			hasScannedForEncodings = 0;
			knownRegions = (
				en,
				Base,
			);
			mainGroup = 70BF30D01F49CE4E008DCC00;
			productRefGroup = 70BF30DA1F49CE4E008DCC00 /* Products */;
			projectDirPath = "";
			projectRoot = "";
			targets = (
				70BF30D81F49CE4E008DCC00 /* tvQA */,
			);
		};
/* End PBXProject section */

/* Begin PBXResourcesBuildPhase section */
		70BF30D71F49CE4E008DCC00 /* Resources */ = {
			isa = PBXResourcesBuildPhase;
			buildActionMask = 2147483647;
			files = (
				70BF30E41F49CE4E008DCC00 /* Assets.xcassets in Resources */,
				70BF30E21F49CE4E008DCC00 /* Main.storyboard in Resources */,
			);
			runOnlyForDeploymentPostprocessing = 0;
		};
/* End PBXResourcesBuildPhase section */

/* Begin PBXSourcesBuildPhase section */
		70BF30D51F49CE4E008DCC00 /* Sources */ = {
			isa = PBXSourcesBuildPhase;
			buildActionMask = 2147483647;
			files = (
				70BF30DF1F49CE4E008DCC00 /* ViewController.swift in Sources */,
				70BF30DD1F49CE4E008DCC00 /* AppDelegate.swift in Sources */,
			);
			runOnlyForDeploymentPostprocessing = 0;
		};
/* End PBXSourcesBuildPhase section */

/* Begin PBXVariantGroup section */
		70BF30E01F49CE4E008DCC00 /* Main.storyboard */ = {
			isa = PBXVariantGroup;
			children = (
				70BF30E11F49CE4E008DCC00 /* Base */,
			);
			name = Main.storyboard;
			sourceTree = "<group>";
		};
/* End PBXVariantGroup section */

/* Begin XCBuildConfiguration section */
		70BF30E61F49CE4E008DCC00 /* Debug */ = {
			isa = XCBuildConfiguration;
			buildSettings = {
				ALWAYS_SEARCH_USER_PATHS = NO;
				CLANG_ANALYZER_NONNULL = YES;
				CLANG_ANALYZER_NUMBER_OBJECT_CONVERSION = YES_AGGRESSIVE;
				CLANG_CXX_LANGUAGE_STANDARD = "gnu++0x";
				CLANG_CXX_LIBRARY = "libc++";
				CLANG_ENABLE_MODULES = YES;
				CLANG_ENABLE_OBJC_ARC = YES;
				CLANG_WARN_BOOL_CONVERSION = YES;
				CLANG_WARN_CONSTANT_CONVERSION = YES;
				CLANG_WARN_DIRECT_OBJC_ISA_USAGE = YES_ERROR;
				CLANG_WARN_DOCUMENTATION_COMMENTS = YES;
				CLANG_WARN_EMPTY_BODY = YES;
				CLANG_WARN_ENUM_CONVERSION = YES;
				CLANG_WARN_INFINITE_RECURSION = YES;
				CLANG_WARN_INT_CONVERSION = YES;
				CLANG_WARN_OBJC_ROOT_CLASS = YES_ERROR;
				CLANG_WARN_SUSPICIOUS_MOVE = YES;
				CLANG_WARN_UNREACHABLE_CODE = YES;
				CLANG_WARN__DUPLICATE_METHOD_MATCH = YES;
				COPY_PHASE_STRIP = NO;
				DEBUG_INFORMATION_FORMAT = dwarf;
				ENABLE_STRICT_OBJC_MSGSEND = YES;
				ENABLE_TESTABILITY = YES;
				GCC_C_LANGUAGE_STANDARD = gnu99;
				GCC_DYNAMIC_NO_PIC = NO;
				GCC_NO_COMMON_BLOCKS = YES;
				GCC_OPTIMIZATION_LEVEL = 0;
				GCC_PREPROCESSOR_DEFINITIONS = (
					"DEBUG=1",
					"$(inherited)",
				);
				GCC_WARN_64_TO_32_BIT_CONVERSION = YES;
				GCC_WARN_ABOUT_RETURN_TYPE = YES_ERROR;
				GCC_WARN_UNDECLARED_SELECTOR = YES;
				GCC_WARN_UNINITIALIZED_AUTOS = YES_AGGRESSIVE;
				GCC_WARN_UNUSED_FUNCTION = YES;
				GCC_WARN_UNUSED_VARIABLE = YES;
				MTL_ENABLE_DEBUG_INFO = YES;
				ONLY_ACTIVE_ARCH = YES;
				SDKROOT = appletvos;
				SWIFT_ACTIVE_COMPILATION_CONDITIONS = DEBUG;
				SWIFT_OPTIMIZATION_LEVEL = "-Onone";
				TARGETED_DEVICE_FAMILY = 3;
				TVOS_DEPLOYMENT_TARGET = 10.2;
			};
			name = Debug;
		};
		70BF30E71F49CE4E008DCC00 /* Release */ = {
			isa = XCBuildConfiguration;
			buildSettings = {
				ALWAYS_SEARCH_USER_PATHS = NO;
				CLANG_ANALYZER_NONNULL = YES;
				CLANG_ANALYZER_NUMBER_OBJECT_CONVERSION = YES_AGGRESSIVE;
				CLANG_CXX_LANGUAGE_STANDARD = "gnu++0x";
				CLANG_CXX_LIBRARY = "libc++";
				CLANG_ENABLE_MODULES = YES;
				CLANG_ENABLE_OBJC_ARC = YES;
				CLANG_WARN_BOOL_CONVERSION = YES;
				CLANG_WARN_CONSTANT_CONVERSION = YES;
				CLANG_WARN_DIRECT_OBJC_ISA_USAGE = YES_ERROR;
				CLANG_WARN_DOCUMENTATION_COMMENTS = YES;
				CLANG_WARN_EMPTY_BODY = YES;
				CLANG_WARN_ENUM_CONVERSION = YES;
				CLANG_WARN_INFINITE_RECURSION = YES;
				CLANG_WARN_INT_CONVERSION = YES;
				CLANG_WARN_OBJC_ROOT_CLASS = YES_ERROR;
				CLANG_WARN_SUSPICIOUS_MOVE = YES;
				CLANG_WARN_UNREACHABLE_CODE = YES;
				CLANG_WARN__DUPLICATE_METHOD_MATCH = YES;
				COPY_PHASE_STRIP = NO;
				DEBUG_INFORMATION_FORMAT = "dwarf-with-dsym";
				ENABLE_NS_ASSERTIONS = NO;
				ENABLE_STRICT_OBJC_MSGSEND = YES;
				GCC_C_LANGUAGE_STANDARD = gnu99;
				GCC_NO_COMMON_BLOCKS = YES;
				GCC_WARN_64_TO_32_BIT_CONVERSION = YES;
				GCC_WARN_ABOUT_RETURN_TYPE = YES_ERROR;
				GCC_WARN_UNDECLARED_SELECTOR = YES;
				GCC_WARN_UNINITIALIZED_AUTOS = YES_AGGRESSIVE;
				GCC_WARN_UNUSED_FUNCTION = YES;
				GCC_WARN_UNUSED_VARIABLE = YES;
				MTL_ENABLE_DEBUG_INFO = NO;
				SDKROOT = appletvos;
				SWIFT_OPTIMIZATION_LEVEL = "-Owholemodule";
				TARGETED_DEVICE_FAMILY = 3;
				TVOS_DEPLOYMENT_TARGET = 10.2;
				VALIDATE_PRODUCT = YES;
			};
			name = Release;
		};
		70BF30E91F49CE4E008DCC00 /* Debug */ = {
			isa = XCBuildConfiguration;
			buildSettings = {
				ASSETCATALOG_COMPILER_APPICON_NAME = "App Icon & Top Shelf Image";
				ASSETCATALOG_COMPILER_LAUNCHIMAGE_NAME = LaunchImage;
				DEVELOPMENT_TEAM = 895Q7MTPTC;
				INFOPLIST_FILE = tvQA/Info.plist;
				LD_RUNPATH_SEARCH_PATHS = "$(inherited) @executable_path/Frameworks";
				PRODUCT_BUNDLE_IDENTIFIER = co.uk.egodev.tvQA;
				PRODUCT_NAME = "$(TARGET_NAME)";
				SWIFT_VERSION = 3.0;
			};
			name = Debug;
		};
		70BF30EA1F49CE4E008DCC00 /* Release */ = {
			isa = XCBuildConfiguration;
			buildSettings = {
				ASSETCATALOG_COMPILER_APPICON_NAME = "App Icon & Top Shelf Image";
				ASSETCATALOG_COMPILER_LAUNCHIMAGE_NAME = LaunchImage;
				DEVELOPMENT_TEAM = 895Q7MTPTC;
				INFOPLIST_FILE = tvQA/Info.plist;
				LD_RUNPATH_SEARCH_PATHS = "$(inherited) @executable_path/Frameworks";
				PRODUCT_BUNDLE_IDENTIFIER = co.uk.egodev.tvQA;
				PRODUCT_NAME = "$(TARGET_NAME)";
				SWIFT_VERSION = 3.0;
			};
			name = Release;
		};
/* End XCBuildConfiguration section */

/* Begin XCConfigurationList section */
		70BF30D41F49CE4E008DCC00 /* Build configuration list for PBXProject "tvQA" */ = {
			isa = XCConfigurationList;
			buildConfigurations = (
				70BF30E61F49CE4E008DCC00 /* Debug */,
				70BF30E71F49CE4E008DCC00 /* Release */,
			);
			defaultConfigurationIsVisible = 0;
			defaultConfigurationName = Release;
		};
		70BF30E81F49CE4E008DCC00 /* Build configuration list for PBXNativeTarget "tvQA" */ = {
			isa = XCConfigurationList;
			buildConfigurations = (
				70BF30E91F49CE4E008DCC00 /* Debug */,
				70BF30EA1F49CE4E008DCC00 /* Release */,
			);
			defaultConfigurationIsVisible = 0;
		};
/* End XCConfigurationList section */
	};
	rootObject = 70BF30D11F49CE4E008DCC00 /* Project object */;
}
